
Microsoft Visual Studio Solution File, Format Version 12.00
# Visual Studio Version 17
VisualStudioVersion = 17.3.32901.215
MinimumVisualStudioVersion = 10.0.40219.1
Project("{FAE04EC0-301F-11D3-BF4B-00C04F79EFBC}") = "HOSPITAL", "HOSPITAL\HOSPITAL.csproj", "{FEFCFC7A-2FE2-4A73-A108-BE7AB8412750}"
EndProject
Global
	GlobalSection(SolutionConfigurationPlatforms) = preSolution
		Debug|Any CPU = Debug|Any CPU
		Release|Any CPU = Release|Any CPU
	EndGlobalSection
	GlobalSection(ProjectConfigurationPlatforms) = postSolution
		{FEFCFC7A-2FE2-4A73-A108-BE7AB8412750}.Debug|Any CPU.ActiveCfg = Debug|Any CPU
		{FEFCFC7A-2FE2-4A73-A108-BE7AB8412750}.Debug|Any CPU.Build.0 = Debug|Any CPU
		{FEFCFC7A-2FE2-4A73-A108-BE7AB8412750}.Release|Any CPU.ActiveCfg = Release|Any CPU
		{FEFCFC7A-2FE2-4A73-A108-BE7AB8412750}.Release|Any CPU.Build.0 = Release|Any CPU
	EndGlobalSection
	GlobalSection(SolutionProperties) = preSolution
		HideSolutionNode = FALSE
	EndGlobalSection
	GlobalSection(ExtensibilityGlobals) = postSolution
		SolutionGuid = {5D1DB3AB-3487-4A65-B5C2-F73835DC44E4}
	EndGlobalSection
EndGlobal
